
Microsoft Visual Studio Solution File, Format Version 12.00
# Visual Studio Version 16
VisualStudioVersion = 16.0.29609.76
MinimumVisualStudioVersion = 10.0.40219.1
Project("{FAE04EC0-301F-11D3-BF4B-00C04F79EFBC}") = "D2Solo", "D2Solo\D2Solo.csproj", "{79353025-D1FC-4753-A666-7BE5C3B0DD54}"
EndProject
Global
	GlobalSection(SolutionConfigurationPlatforms) = preSolution
		Debug|Any CPU = Debug|Any CPU
		Release|Any CPU = Release|Any CPU
	EndGlobalSection
	GlobalSection(ProjectConfigurationPlatforms) = postSolution
		{79353025-D1FC-4753-A666-7BE5C3B0DD54}.Debug|Any CPU.ActiveCfg = Debug|Any CPU
		{79353025-D1FC-4753-A666-7BE5C3B0DD54}.Debug|Any CPU.Build.0 = Debug|Any CPU
		{79353025-D1FC-4753-A666-7BE5C3B0DD54}.Release|Any CPU.ActiveCfg = Release|Any CPU
		{79353025-D1FC-4753-A666-7BE5C3B0DD54}.Release|Any CPU.Build.0 = Release|Any CPU
	EndGlobalSection
	GlobalSection(SolutionProperties) = preSolution
		HideSolutionNode = FALSE
	EndGlobalSection
	GlobalSection(ExtensibilityGlobals) = postSolution
		SolutionGuid = {315BAC61-10DF-4951-8822-5B2A05BD5CCA}
	EndGlobalSection
EndGlobal
